
Microsoft Visual Studio Solution File, Format Version 12.00
# Visual Studio 15
VisualStudioVersion = 15.0.28010.2036
MinimumVisualStudioVersion = 10.0.40219.1
Project("{FAE04EC0-301F-11D3-BF4B-00C04F79EFBC}") = "Ghanta.Android", "Ghanta\Ghanta.Android\Ghanta.Android.csproj", "{7B59917E-5C6A-41C2-9CA9-297A1EED179A}"
EndProject
Project("{FAE04EC0-301F-11D3-BF4B-00C04F79EFBC}") = "Ghanta.iOS", "Ghanta\Ghanta.iOS\Ghanta.iOS.csproj", "{1DD96FDD-5350-4CC0-AE8A-405231DEFA48}"
EndProject
Project("{FAE04EC0-301F-11D3-BF4B-00C04F79EFBC}") = "Ghanta.UWP", "Ghanta\Ghanta.UWP\Ghanta.UWP.csproj", "{CC5A8C6A-851E-4FDF-932E-E0A8B0F6B049}"
EndProject
Project("{FAE04EC0-301F-11D3-BF4B-00C04F79EFBC}") = "Ghanta", "Ghanta\Ghanta\Ghanta.csproj", "{66F1A23E-D4A1-4AB7-92F5-9A50631AF0FD}"
EndProject
Global
	GlobalSection(SolutionConfigurationPlatforms) = preSolution
		Ad-Hoc|Any CPU = Ad-Hoc|Any CPU
		Ad-Hoc|ARM = Ad-Hoc|ARM
		Ad-Hoc|iPhone = Ad-Hoc|iPhone
		Ad-Hoc|iPhoneSimulator = Ad-Hoc|iPhoneSimulator
		Ad-Hoc|x64 = Ad-Hoc|x64
		Ad-Hoc|x86 = Ad-Hoc|x86
		AppStore|Any CPU = AppStore|Any CPU
		AppStore|ARM = AppStore|ARM
		AppStore|iPhone = AppStore|iPhone
		AppStore|iPhoneSimulator = AppStore|iPhoneSimulator
		AppStore|x64 = AppStore|x64
		AppStore|x86 = AppStore|x86
		Debug|Any CPU = Debug|Any CPU
		Debug|ARM = Debug|ARM
		Debug|iPhone = Debug|iPhone
		Debug|iPhoneSimulator = Debug|iPhoneSimulator
		Debug|x64 = Debug|x64
		Debug|x86 = Debug|x86
		Release|Any CPU = Release|Any CPU
		Release|ARM = Release|ARM
		Release|iPhone = Release|iPhone
		Release|iPhoneSimulator = Release|iPhoneSimulator
		Release|x64 = Release|x64
		Release|x86 = Release|x86
	EndGlobalSection
	GlobalSection(ProjectConfigurationPlatforms) = postSolution
		{7B59917E-5C6A-41C2-9CA9-297A1EED179A}.Ad-Hoc|Any CPU.ActiveCfg = Release|Any CPU
		{7B59917E-5C6A-41C2-9CA9-297A1EED179A}.Ad-Hoc|Any CPU.Build.0 = Release|Any CPU
		{7B59917E-5C6A-41C2-9CA9-297A1EED179A}.Ad-Hoc|Any CPU.Deploy.0 = Release|Any CPU
		{7B59917E-5C6A-41C2-9CA9-297A1EED179A}.Ad-Hoc|ARM.ActiveCfg = Release|Any CPU
		{7B59917E-5C6A-41C2-9CA9-297A1EED179A}.Ad-Hoc|ARM.Build.0 = Release|Any CPU
		{7B59917E-5C6A-41C2-9CA9-297A1EED179A}.Ad-Hoc|ARM.Deploy.0 = Release|Any CPU
		{7B59917E-5C6A-41C2-9CA9-297A1EED179A}.Ad-Hoc|iPhone.ActiveCfg = Release|Any CPU
		{7B59917E-5C6A-41C2-9CA9-297A1EED179A}.Ad-Hoc|iPhone.Build.0 = Release|Any CPU
		{7B59917E-5C6A-41C2-9CA9-297A1EED179A}.Ad-Hoc|iPhone.Deploy.0 = Release|Any CPU
		{7B59917E-5C6A-41C2-9CA9-297A1EED179A}.Ad-Hoc|iPhoneSimulator.ActiveCfg = Release|Any CPU
		{7B59917E-5C6A-41C2-9CA9-297A1EED179A}.Ad-Hoc|iPhoneSimulator.Build.0 = Release|Any CPU
		{7B59917E-5C6A-41C2-9CA9-297A1EED179A}.Ad-Hoc|iPhoneSimulator.Deploy.0 = Release|Any CPU
		{7B59917E-5C6A-41C2-9CA9-297A1EED179A}.Ad-Hoc|x64.ActiveCfg = Release|Any CPU
		{7B59917E-5C6A-41C2-9CA9-297A1EED179A}.Ad-Hoc|x64.Build.0 = Release|Any CPU
		{7B59917E-5C6A-41C2-9CA9-297A1EED179A}.Ad-Hoc|x64.Deploy.0 = Release|Any CPU
		{7B59917E-5C6A-41C2-9CA9-297A1EED179A}.Ad-Hoc|x86.ActiveCfg = Release|Any CPU
		{7B59917E-5C6A-41C2-9CA9-297A1EED179A}.Ad-Hoc|x86.Build.0 = Release|Any CPU
		{7B59917E-5C6A-41C2-9CA9-297A1EED179A}.Ad-Hoc|x86.Deploy.0 = Release|Any CPU
		{7B59917E-5C6A-41C2-9CA9-297A1EED179A}.AppStore|Any CPU.ActiveCfg = Release|Any CPU
		{7B59917E-5C6A-41C2-9CA9-297A1EED179A}.AppStore|Any CPU.Build.0 = Release|Any CPU
		{7B59917E-5C6A-41C2-9CA9-297A1EED179A}.AppStore|Any CPU.Deploy.0 = Release|Any CPU
		{7B59917E-5C6A-41C2-9CA9-297A1EED179A}.AppStore|ARM.ActiveCfg = Release|Any CPU
		{7B59917E-5C6A-41C2-9CA9-297A1EED179A}.AppStore|ARM.Build.0 = Release|Any CPU
		{7B59917E-5C6A-41C2-9CA9-297A1EED179A}.AppStore|ARM.Deploy.0 = Release|Any CPU
		{7B59917E-5C6A-41C2-9CA9-297A1EED179A}.AppStore|iPhone.ActiveCfg = Release|Any CPU
		{7B59917E-5C6A-41C2-9CA9-297A1EED179A}.AppStore|iPhone.Build.0 = Release|Any CPU
		{7B59917E-5C6A-41C2-9CA9-297A1EED179A}.AppStore|iPhone.Deploy.0 = Release|Any CPU
		{7B59917E-5C6A-41C2-9CA9-297A1EED179A}.AppStore|iPhoneSimulator.ActiveCfg = Release|Any CPU
		{7B59917E-5C6A-41C2-9CA9-297A1EED179A}.AppStore|iPhoneSimulator.Build.0 = Release|Any CPU
		{7B59917E-5C6A-41C2-9CA9-297A1EED179A}.AppStore|iPhoneSimulator.Deploy.0 = Release|Any CPU
		{7B59917E-5C6A-41C2-9CA9-297A1EED179A}.AppStore|x64.ActiveCfg = Release|Any CPU
		{7B59917E-5C6A-41C2-9CA9-297A1EED179A}.AppStore|x64.Build.0 = Release|Any CPU
		{7B59917E-5C6A-41C2-9CA9-297A1EED179A}.AppStore|x64.Deploy.0 = Release|Any CPU
		{7B59917E-5C6A-41C2-9CA9-297A1EED179A}.AppStore|x86.ActiveCfg = Release|Any CPU
		{7B59917E-5C6A-41C2-9CA9-297A1EED179A}.AppStore|x86.Build.0 = Release|Any CPU
		{7B59917E-5C6A-41C2-9CA9-297A1EED179A}.AppStore|x86.Deploy.0 = Release|Any CPU
		{7B59917E-5C6A-41C2-9CA9-297A1EED179A}.Debug|Any CPU.ActiveCfg = Debug|Any CPU
		{7B59917E-5C6A-41C2-9CA9-297A1EED179A}.Debug|Any CPU.Build.0 = Debug|Any CPU
		{7B59917E-5C6A-41C2-9CA9-297A1EED179A}.Debug|Any CPU.Deploy.0 = Debug|Any CPU
		{7B59917E-5C6A-41C2-9CA9-297A1EED179A}.Debug|ARM.ActiveCfg = Debug|Any CPU
		{7B59917E-5C6A-41C2-9CA9-297A1EED179A}.Debug|ARM.Build.0 = Debug|Any CPU
		{7B59917E-5C6A-41C2-9CA9-297A1EED179A}.Debug|ARM.Deploy.0 = Debug|Any CPU
		{7B59917E-5C6A-41C2-9CA9-297A1EED179A}.Debug|iPhone.ActiveCfg = Debug|Any CPU
		{7B59917E-5C6A-41C2-9CA9-297A1EED179A}.Debug|iPhone.Build.0 = Debug|Any CPU
		{7B59917E-5C6A-41C2-9CA9-297A1EED179A}.Debug|iPhone.Deploy.0 = Debug|Any CPU
		{7B59917E-5C6A-41C2-9CA9-297A1EED179A}.Debug|iPhoneSimulator.ActiveCfg = Debug|Any CPU
		{7B59917E-5C6A-41C2-9CA9-297A1EED179A}.Debug|iPhoneSimulator.Build.0 = Debug|Any CPU
		{7B59917E-5C6A-41C2-9CA9-297A1EED179A}.Debug|iPhoneSimulator.Deploy.0 = Debug|Any CPU
		{7B59917E-5C6A-41C2-9CA9-297A1EED179A}.Debug|x64.ActiveCfg = Debug|Any CPU
		{7B59917E-5C6A-41C2-9CA9-297A1EED179A}.Debug|x64.Build.0 = Debug|Any CPU
		{7B59917E-5C6A-41C2-9CA9-297A1EED179A}.Debug|x64.Deploy.0 = Debug|Any CPU
		{7B59917E-5C6A-41C2-9CA9-297A1EED179A}.Debug|x86.ActiveCfg = Debug|Any CPU
		{7B59917E-5C6A-41C2-9CA9-297A1EED179A}.Debug|x86.Build.0 = Debug|Any CPU
		{7B59917E-5C6A-41C2-9CA9-297A1EED179A}.Debug|x86.Deploy.0 = Debug|Any CPU
		{7B59917E-5C6A-41C2-9CA9-297A1EED179A}.Release|Any CPU.ActiveCfg = Release|Any CPU
		{7B59917E-5C6A-41C2-9CA9-297A1EED179A}.Release|Any CPU.Build.0 = Release|Any CPU
		{7B59917E-5C6A-41C2-9CA9-297A1EED179A}.Release|Any CPU.Deploy.0 = Release|Any CPU
		{7B59917E-5C6A-41C2-9CA9-297A1EED179A}.Release|ARM.ActiveCfg = Release|Any CPU
		{7B59917E-5C6A-41C2-9CA9-297A1EED179A}.Release|ARM.Build.0 = Release|Any CPU
		{7B59917E-5C6A-41C2-9CA9-297A1EED179A}.Release|ARM.Deploy.0 = Release|Any CPU
		{7B59917E-5C6A-41C2-9CA9-297A1EED179A}.Release|iPhone.ActiveCfg = Release|Any CPU
		{7B59917E-5C6A-41C2-9CA9-297A1EED179A}.Release|iPhone.Build.0 = Release|Any CPU
		{7B59917E-5C6A-41C2-9CA9-297A1EED179A}.Release|iPhone.Deploy.0 = Release|Any CPU
		{7B59917E-5C6A-41C2-9CA9-297A1EED179A}.Release|iPhoneSimulator.ActiveCfg = Release|Any CPU
		{7B59917E-5C6A-41C2-9CA9-297A1EED179A}.Release|iPhoneSimulator.Build.0 = Release|Any CPU
		{7B59917E-5C6A-41C2-9CA9-297A1EED179A}.Release|iPhoneSimulator.Deploy.0 = Release|Any CPU
		{7B59917E-5C6A-41C2-9CA9-297A1EED179A}.Release|x64.ActiveCfg = Release|Any CPU
		{7B59917E-5C6A-41C2-9CA9-297A1EED179A}.Release|x64.Build.0 = Release|Any CPU
		{7B59917E-5C6A-41C2-9CA9-297A1EED179A}.Release|x64.Deploy.0 = Release|Any CPU
		{7B59917E-5C6A-41C2-9CA9-297A1EED179A}.Release|x86.ActiveCfg = Release|Any CPU
		{7B59917E-5C6A-41C2-9CA9-297A1EED179A}.Release|x86.Build.0 = Release|Any CPU
		{7B59917E-5C6A-41C2-9CA9-297A1EED179A}.Release|x86.Deploy.0 = Release|Any CPU
		{1DD96FDD-5350-4CC0-AE8A-405231DEFA48}.Ad-Hoc|Any CPU.ActiveCfg = Ad-Hoc|iPhone
		{1DD96FDD-5350-4CC0-AE8A-405231DEFA48}.Ad-Hoc|Any CPU.Build.0 = Ad-Hoc|iPhone
		{1DD96FDD-5350-4CC0-AE8A-405231DEFA48}.Ad-Hoc|Any CPU.Deploy.0 = Ad-Hoc|iPhone
		{1DD96FDD-5350-4CC0-AE8A-405231DEFA48}.Ad-Hoc|ARM.ActiveCfg = Ad-Hoc|iPhone
		{1DD96FDD-5350-4CC0-AE8A-405231DEFA48}.Ad-Hoc|ARM.Build.0 = Ad-Hoc|iPhone
		{1DD96FDD-5350-4CC0-AE8A-405231DEFA48}.Ad-Hoc|ARM.Deploy.0 = Ad-Hoc|iPhone
		{1DD96FDD-5350-4CC0-AE8A-405231DEFA48}.Ad-Hoc|iPhone.ActiveCfg = Ad-Hoc|iPhone
		{1DD96FDD-5350-4CC0-AE8A-405231DEFA48}.Ad-Hoc|iPhone.Build.0 = Ad-Hoc|iPhone
		{1DD96FDD-5350-4CC0-AE8A-405231DEFA48}.Ad-Hoc|iPhone.Deploy.0 = Ad-Hoc|iPhone
		{1DD96FDD-5350-4CC0-AE8A-405231DEFA48}.Ad-Hoc|iPhoneSimulator.ActiveCfg = Ad-Hoc|iPhoneSimulator
		{1DD96FDD-5350-4CC0-AE8A-405231DEFA48}.Ad-Hoc|iPhoneSimulator.Build.0 = Ad-Hoc|iPhoneSimulator
		{1DD96FDD-5350-4CC0-AE8A-405231DEFA48}.Ad-Hoc|iPhoneSimulator.Deploy.0 = Ad-Hoc|iPhoneSimulator
		{1DD96FDD-5350-4CC0-AE8A-405231DEFA48}.Ad-Hoc|x64.ActiveCfg = Ad-Hoc|iPhone
		{1DD96FDD-5350-4CC0-AE8A-405231DEFA48}.Ad-Hoc|x64.Build.0 = Ad-Hoc|iPhone
		{1DD96FDD-5350-4CC0-AE8A-405231DEFA48}.Ad-Hoc|x64.Deploy.0 = Ad-Hoc|iPhone
		{1DD96FDD-5350-4CC0-AE8A-405231DEFA48}.Ad-Hoc|x86.ActiveCfg = Ad-Hoc|iPhone
		{1DD96FDD-5350-4CC0-AE8A-405231DEFA48}.Ad-Hoc|x86.Build.0 = Ad-Hoc|iPhone
		{1DD96FDD-5350-4CC0-AE8A-405231DEFA48}.Ad-Hoc|x86.Deploy.0 = Ad-Hoc|iPhone
		{1DD96FDD-5350-4CC0-AE8A-405231DEFA48}.AppStore|Any CPU.ActiveCfg = AppStore|iPhone
		{1DD96FDD-5350-4CC0-AE8A-405231DEFA48}.AppStore|Any CPU.Build.0 = AppStore|iPhone
		{1DD96FDD-5350-4CC0-AE8A-405231DEFA48}.AppStore|Any CPU.Deploy.0 = AppStore|iPhone
		{1DD96FDD-5350-4CC0-AE8A-405231DEFA48}.AppStore|ARM.ActiveCfg = AppStore|iPhone
		{1DD96FDD-5350-4CC0-AE8A-405231DEFA48}.AppStore|ARM.Build.0 = AppStore|iPhone
		{1DD96FDD-5350-4CC0-AE8A-405231DEFA48}.AppStore|ARM.Deploy.0 = AppStore|iPhone
		{1DD96FDD-5350-4CC0-AE8A-405231DEFA48}.AppStore|iPhone.ActiveCfg = AppStore|iPhone
		{1DD96FDD-5350-4CC0-AE8A-405231DEFA48}.AppStore|iPhone.Build.0 = AppStore|iPhone
		{1DD96FDD-5350-4CC0-AE8A-405231DEFA48}.AppStore|iPhone.Deploy.0 = AppStore|iPhone
		{1DD96FDD-5350-4CC0-AE8A-405231DEFA48}.AppStore|iPhoneSimulator.ActiveCfg = AppStore|iPhoneSimulator
		{1DD96FDD-5350-4CC0-AE8A-405231DEFA48}.AppStore|iPhoneSimulator.Build.0 = AppStore|iPhoneSimulator
		{1DD96FDD-5350-4CC0-AE8A-405231DEFA48}.AppStore|iPhoneSimulator.Deploy.0 = AppStore|iPhoneSimulator
		{1DD96FDD-5350-4CC0-AE8A-405231DEFA48}.AppStore|x64.ActiveCfg = AppStore|iPhone
		{1DD96FDD-5350-4CC0-AE8A-405231DEFA48}.AppStore|x64.Build.0 = AppStore|iPhone
		{1DD96FDD-5350-4CC0-AE8A-405231DEFA48}.AppStore|x64.Deploy.0 = AppStore|iPhone
		{1DD96FDD-5350-4CC0-AE8A-405231DEFA48}.AppStore|x86.ActiveCfg = AppStore|iPhone
		{1DD96FDD-5350-4CC0-AE8A-405231DEFA48}.AppStore|x86.Build.0 = AppStore|iPhone
		{1DD96FDD-5350-4CC0-AE8A-405231DEFA48}.AppStore|x86.Deploy.0 = AppStore|iPhone
		{1DD96FDD-5350-4CC0-AE8A-405231DEFA48}.Debug|Any CPU.ActiveCfg = Debug|iPhoneSimulator
		{1DD96FDD-5350-4CC0-AE8A-405231DEFA48}.Debug|Any CPU.Build.0 = Debug|iPhoneSimulator
		{1DD96FDD-5350-4CC0-AE8A-405231DEFA48}.Debug|Any CPU.Deploy.0 = Debug|iPhoneSimulator
		{1DD96FDD-5350-4CC0-AE8A-405231DEFA48}.Debug|ARM.ActiveCfg = Debug|iPhone
		{1DD96FDD-5350-4CC0-AE8A-405231DEFA48}.Debug|ARM.Build.0 = Debug|iPhone
		{1DD96FDD-5350-4CC0-AE8A-405231DEFA48}.Debug|ARM.Deploy.0 = Debug|iPhone
		{1DD96FDD-5350-4CC0-AE8A-405231DEFA48}.Debug|iPhone.ActiveCfg = Debug|iPhone
		{1DD96FDD-5350-4CC0-AE8A-405231DEFA48}.Debug|iPhone.Build.0 = Debug|iPhone
		{1DD96FDD-5350-4CC0-AE8A-405231DEFA48}.Debug|iPhone.Deploy.0 = Debug|iPhone
		{1DD96FDD-5350-4CC0-AE8A-405231DEFA48}.Debug|iPhoneSimulator.ActiveCfg = Debug|iPhoneSimulator
		{1DD96FDD-5350-4CC0-AE8A-405231DEFA48}.Debug|iPhoneSimulator.Build.0 = Debug|iPhoneSimulator
		{1DD96FDD-5350-4CC0-AE8A-405231DEFA48}.Debug|iPhoneSimulator.Deploy.0 = Debug|iPhoneSimulator
		{1DD96FDD-5350-4CC0-AE8A-405231DEFA48}.Debug|x64.ActiveCfg = Debug|iPhone
		{1DD96FDD-5350-4CC0-AE8A-405231DEFA48}.Debug|x64.Build.0 = Debug|iPhone
		{1DD96FDD-5350-4CC0-AE8A-405231DEFA48}.Debug|x64.Deploy.0 = Debug|iPhone
		{1DD96FDD-5350-4CC0-AE8A-405231DEFA48}.Debug|x86.ActiveCfg = Debug|iPhone
		{1DD96FDD-5350-4CC0-AE8A-405231DEFA48}.Debug|x86.Build.0 = Debug|iPhone
		{1DD96FDD-5350-4CC0-AE8A-405231DEFA48}.Debug|x86.Deploy.0 = Debug|iPhone
		{1DD96FDD-5350-4CC0-AE8A-405231DEFA48}.Release|Any CPU.ActiveCfg = Release|iPhone
		{1DD96FDD-5350-4CC0-AE8A-405231DEFA48}.Release|Any CPU.Build.0 = Release|iPhone
		{1DD96FDD-5350-4CC0-AE8A-405231DEFA48}.Release|Any CPU.Deploy.0 = Release|iPhone
		{1DD96FDD-5350-4CC0-AE8A-405231DEFA48}.Release|ARM.ActiveCfg = Release|iPhone
		{1DD96FDD-5350-4CC0-AE8A-405231DEFA48}.Release|ARM.Build.0 = Release|iPhone
		{1DD96FDD-5350-4CC0-AE8A-405231DEFA48}.Release|ARM.Deploy.0 = Release|iPhone
		{1DD96FDD-5350-4CC0-AE8A-405231DEFA48}.Release|iPhone.ActiveCfg = Release|iPhone
		{1DD96FDD-5350-4CC0-AE8A-405231DEFA48}.Release|iPhone.Build.0 = Release|iPhone
		{1DD96FDD-5350-4CC0-AE8A-405231DEFA48}.Release|iPhone.Deploy.0 = Release|iPhone
		{1DD96FDD-5350-4CC0-AE8A-405231DEFA48}.Release|iPhoneSimulator.ActiveCfg = Release|iPhoneSimulator
		{1DD96FDD-5350-4CC0-AE8A-405231DEFA48}.Release|iPhoneSimulator.Build.0 = Release|iPhoneSimulator
		{1DD96FDD-5350-4CC0-AE8A-405231DEFA48}.Release|iPhoneSimulator.Deploy.0 = Release|iPhoneSimulator
		{1DD96FDD-5350-4CC0-AE8A-405231DEFA48}.Release|x64.ActiveCfg = Release|iPhone
		{1DD96FDD-5350-4CC0-AE8A-405231DEFA48}.Release|x64.Build.0 = Release|iPhone
		{1DD96FDD-5350-4CC0-AE8A-405231DEFA48}.Release|x64.Deploy.0 = Release|iPhone
		{1DD96FDD-5350-4CC0-AE8A-405231DEFA48}.Release|x86.ActiveCfg = Release|iPhone
		{1DD96FDD-5350-4CC0-AE8A-405231DEFA48}.Release|x86.Build.0 = Release|iPhone
		{1DD96FDD-5350-4CC0-AE8A-405231DEFA48}.Release|x86.Deploy.0 = Release|iPhone
		{CC5A8C6A-851E-4FDF-932E-E0A8B0F6B049}.Ad-Hoc|Any CPU.ActiveCfg = Release|x86
		{CC5A8C6A-851E-4FDF-932E-E0A8B0F6B049}.Ad-Hoc|Any CPU.Build.0 = Release|x86
		{CC5A8C6A-851E-4FDF-932E-E0A8B0F6B049}.Ad-Hoc|Any CPU.Deploy.0 = Release|x86
		{CC5A8C6A-851E-4FDF-932E-E0A8B0F6B049}.Ad-Hoc|ARM.ActiveCfg = Release|ARM
		{CC5A8C6A-851E-4FDF-932E-E0A8B0F6B049}.Ad-Hoc|ARM.Build.0 = Release|ARM
		{CC5A8C6A-851E-4FDF-932E-E0A8B0F6B049}.Ad-Hoc|ARM.Deploy.0 = Release|ARM
		{CC5A8C6A-851E-4FDF-932E-E0A8B0F6B049}.Ad-Hoc|iPhone.ActiveCfg = Release|x86
		{CC5A8C6A-851E-4FDF-932E-E0A8B0F6B049}.Ad-Hoc|iPhone.Build.0 = Release|x86
		{CC5A8C6A-851E-4FDF-932E-E0A8B0F6B049}.Ad-Hoc|iPhone.Deploy.0 = Release|x86
		{CC5A8C6A-851E-4FDF-932E-E0A8B0F6B049}.Ad-Hoc|iPhoneSimulator.ActiveCfg = Release|x86
		{CC5A8C6A-851E-4FDF-932E-E0A8B0F6B049}.Ad-Hoc|iPhoneSimulator.Build.0 = Release|x86
		{CC5A8C6A-851E-4FDF-932E-E0A8B0F6B049}.Ad-Hoc|iPhoneSimulator.Deploy.0 = Release|x86
		{CC5A8C6A-851E-4FDF-932E-E0A8B0F6B049}.Ad-Hoc|x64.ActiveCfg = Release|x64
		{CC5A8C6A-851E-4FDF-932E-E0A8B0F6B049}.Ad-Hoc|x64.Build.0 = Release|x64
		{CC5A8C6A-851E-4FDF-932E-E0A8B0F6B049}.Ad-Hoc|x64.Deploy.0 = Release|x64
		{CC5A8C6A-851E-4FDF-932E-E0A8B0F6B049}.Ad-Hoc|x86.ActiveCfg = Release|x86
		{CC5A8C6A-851E-4FDF-932E-E0A8B0F6B049}.Ad-Hoc|x86.Build.0 = Release|x86
		{CC5A8C6A-851E-4FDF-932E-E0A8B0F6B049}.Ad-Hoc|x86.Deploy.0 = Release|x86
		{CC5A8C6A-851E-4FDF-932E-E0A8B0F6B049}.AppStore|Any CPU.ActiveCfg = Release|x86
		{CC5A8C6A-851E-4FDF-932E-E0A8B0F6B049}.AppStore|Any CPU.Build.0 = Release|x86
		{CC5A8C6A-851E-4FDF-932E-E0A8B0F6B049}.AppStore|Any CPU.Deploy.0 = Release|x86
		{CC5A8C6A-851E-4FDF-932E-E0A8B0F6B049}.AppStore|ARM.ActiveCfg = Release|ARM
		{CC5A8C6A-851E-4FDF-932E-E0A8B0F6B049}.AppStore|ARM.Build.0 = Release|ARM
		{CC5A8C6A-851E-4FDF-932E-E0A8B0F6B049}.AppStore|ARM.Deploy.0 = Release|ARM
		{CC5A8C6A-851E-4FDF-932E-E0A8B0F6B049}.AppStore|iPhone.ActiveCfg = Release|x86
		{CC5A8C6A-851E-4FDF-932E-E0A8B0F6B049}.AppStore|iPhone.Build.0 = Release|x86
		{CC5A8C6A-851E-4FDF-932E-E0A8B0F6B049}.AppStore|iPhone.Deploy.0 = Release|x86
		{CC5A8C6A-851E-4FDF-932E-E0A8B0F6B049}.AppStore|iPhoneSimulator.ActiveCfg = Release|x86
		{CC5A8C6A-851E-4FDF-932E-E0A8B0F6B049}.AppStore|iPhoneSimulator.Build.0 = Release|x86
		{CC5A8C6A-851E-4FDF-932E-E0A8B0F6B049}.AppStore|iPhoneSimulator.Deploy.0 = Release|x86
		{CC5A8C6A-851E-4FDF-932E-E0A8B0F6B049}.AppStore|x64.ActiveCfg = Release|x64
		{CC5A8C6A-851E-4FDF-932E-E0A8B0F6B049}.AppStore|x64.Build.0 = Release|x64
		{CC5A8C6A-851E-4FDF-932E-E0A8B0F6B049}.AppStore|x64.Deploy.0 = Release|x64
		{CC5A8C6A-851E-4FDF-932E-E0A8B0F6B049}.AppStore|x86.ActiveCfg = Release|x86
		{CC5A8C6A-851E-4FDF-932E-E0A8B0F6B049}.AppStore|x86.Build.0 = Release|x86
		{CC5A8C6A-851E-4FDF-932E-E0A8B0F6B049}.AppStore|x86.Deploy.0 = Release|x86
		{CC5A8C6A-851E-4FDF-932E-E0A8B0F6B049}.Debug|Any CPU.ActiveCfg = Debug|x86
		{CC5A8C6A-851E-4FDF-932E-E0A8B0F6B049}.Debug|Any CPU.Build.0 = Debug|x86
		{CC5A8C6A-851E-4FDF-932E-E0A8B0F6B049}.Debug|Any CPU.Deploy.0 = Debug|x86
		{CC5A8C6A-851E-4FDF-932E-E0A8B0F6B049}.Debug|ARM.ActiveCfg = Debug|ARM
		{CC5A8C6A-851E-4FDF-932E-E0A8B0F6B049}.Debug|ARM.Build.0 = Debug|ARM
		{CC5A8C6A-851E-4FDF-932E-E0A8B0F6B049}.Debug|ARM.Deploy.0 = Debug|ARM
		{CC5A8C6A-851E-4FDF-932E-E0A8B0F6B049}.Debug|iPhone.ActiveCfg = Debug|x86
		{CC5A8C6A-851E-4FDF-932E-E0A8B0F6B049}.Debug|iPhone.Build.0 = Debug|x86
		{CC5A8C6A-851E-4FDF-932E-E0A8B0F6B049}.Debug|iPhone.Deploy.0 = Debug|x86
		{CC5A8C6A-851E-4FDF-932E-E0A8B0F6B049}.Debug|iPhoneSimulator.ActiveCfg = Debug|x86
		{CC5A8C6A-851E-4FDF-932E-E0A8B0F6B049}.Debug|iPhoneSimulator.Build.0 = Debug|x86
		{CC5A8C6A-851E-4FDF-932E-E0A8B0F6B049}.Debug|iPhoneSimulator.Deploy.0 = Debug|x86
		{CC5A8C6A-851E-4FDF-932E-E0A8B0F6B049}.Debug|x64.ActiveCfg = Debug|x64
		{CC5A8C6A-851E-4FDF-932E-E0A8B0F6B049}.Debug|x64.Build.0 = Debug|x64
		{CC5A8C6A-851E-4FDF-932E-E0A8B0F6B049}.Debug|x64.Deploy.0 = Debug|x64
		{CC5A8C6A-851E-4FDF-932E-E0A8B0F6B049}.Debug|x86.ActiveCfg = Debug|x86
		{CC5A8C6A-851E-4FDF-932E-E0A8B0F6B049}.Debug|x86.Build.0 = Debug|x86
		{CC5A8C6A-851E-4FDF-932E-E0A8B0F6B049}.Debug|x86.Deploy.0 = Debug|x86
		{CC5A8C6A-851E-4FDF-932E-E0A8B0F6B049}.Release|Any CPU.ActiveCfg = Release|x86
		{CC5A8C6A-851E-4FDF-932E-E0A8B0F6B049}.Release|Any CPU.Build.0 = Release|x86
		{CC5A8C6A-851E-4FDF-932E-E0A8B0F6B049}.Release|Any CPU.Deploy.0 = Release|x86
		{CC5A8C6A-851E-4FDF-932E-E0A8B0F6B049}.Release|ARM.ActiveCfg = Release|ARM
		{CC5A8C6A-851E-4FDF-932E-E0A8B0F6B049}.Release|ARM.Build.0 = Release|ARM
		{CC5A8C6A-851E-4FDF-932E-E0A8B0F6B049}.Release|ARM.Deploy.0 = Release|ARM
		{CC5A8C6A-851E-4FDF-932E-E0A8B0F6B049}.Release|iPhone.ActiveCfg = Release|x86
		{CC5A8C6A-851E-4FDF-932E-E0A8B0F6B049}.Release|iPhone.Build.0 = Release|x86
		{CC5A8C6A-851E-4FDF-932E-E0A8B0F6B049}.Release|iPhone.Deploy.0 = Release|x86
		{CC5A8C6A-851E-4FDF-932E-E0A8B0F6B049}.Release|iPhoneSimulator.ActiveCfg = Release|x86
		{CC5A8C6A-851E-4FDF-932E-E0A8B0F6B049}.Release|iPhoneSimulator.Build.0 = Release|x86
		{CC5A8C6A-851E-4FDF-932E-E0A8B0F6B049}.Release|iPhoneSimulator.Deploy.0 = Release|x86
		{CC5A8C6A-851E-4FDF-932E-E0A8B0F6B049}.Release|x64.ActiveCfg = Release|x64
		{CC5A8C6A-851E-4FDF-932E-E0A8B0F6B049}.Release|x64.Build.0 = Release|x64
		{CC5A8C6A-851E-4FDF-932E-E0A8B0F6B049}.Release|x64.Deploy.0 = Release|x64
		{CC5A8C6A-851E-4FDF-932E-E0A8B0F6B049}.Release|x86.ActiveCfg = Release|x86
		{CC5A8C6A-851E-4FDF-932E-E0A8B0F6B049}.Release|x86.Build.0 = Release|x86
		{CC5A8C6A-851E-4FDF-932E-E0A8B0F6B049}.Release|x86.Deploy.0 = Release|x86
		{66F1A23E-D4A1-4AB7-92F5-9A50631AF0FD}.Ad-Hoc|Any CPU.ActiveCfg = Debug|Any CPU
		{66F1A23E-D4A1-4AB7-92F5-9A50631AF0FD}.Ad-Hoc|Any CPU.Build.0 = Debug|Any CPU
		{66F1A23E-D4A1-4AB7-92F5-9A50631AF0FD}.Ad-Hoc|Any CPU.Deploy.0 = Debug|Any CPU
		{66F1A23E-D4A1-4AB7-92F5-9A50631AF0FD}.Ad-Hoc|ARM.ActiveCfg = Debug|Any CPU
		{66F1A23E-D4A1-4AB7-92F5-9A50631AF0FD}.Ad-Hoc|ARM.Build.0 = Debug|Any CPU
		{66F1A23E-D4A1-4AB7-92F5-9A50631AF0FD}.Ad-Hoc|ARM.Deploy.0 = Debug|Any CPU
		{66F1A23E-D4A1-4AB7-92F5-9A50631AF0FD}.Ad-Hoc|iPhone.ActiveCfg = Debug|Any CPU
		{66F1A23E-D4A1-4AB7-92F5-9A50631AF0FD}.Ad-Hoc|iPhone.Build.0 = Debug|Any CPU
		{66F1A23E-D4A1-4AB7-92F5-9A50631AF0FD}.Ad-Hoc|iPhone.Deploy.0 = Debug|Any CPU
		{66F1A23E-D4A1-4AB7-92F5-9A50631AF0FD}.Ad-Hoc|iPhoneSimulator.ActiveCfg = Debug|Any CPU
		{66F1A23E-D4A1-4AB7-92F5-9A50631AF0FD}.Ad-Hoc|iPhoneSimulator.Build.0 = Debug|Any CPU
		{66F1A23E-D4A1-4AB7-92F5-9A50631AF0FD}.Ad-Hoc|iPhoneSimulator.Deploy.0 = Debug|Any CPU
		{66F1A23E-D4A1-4AB7-92F5-9A50631AF0FD}.Ad-Hoc|x64.ActiveCfg = Debug|Any CPU
		{66F1A23E-D4A1-4AB7-92F5-9A50631AF0FD}.Ad-Hoc|x64.Build.0 = Debug|Any CPU
		{66F1A23E-D4A1-4AB7-92F5-9A50631AF0FD}.Ad-Hoc|x64.Deploy.0 = Debug|Any CPU
		{66F1A23E-D4A1-4AB7-92F5-9A50631AF0FD}.Ad-Hoc|x86.ActiveCfg = Debug|Any CPU
		{66F1A23E-D4A1-4AB7-92F5-9A50631AF0FD}.Ad-Hoc|x86.Build.0 = Debug|Any CPU
		{66F1A23E-D4A1-4AB7-92F5-9A50631AF0FD}.Ad-Hoc|x86.Deploy.0 = Debug|Any CPU
		{66F1A23E-D4A1-4AB7-92F5-9A50631AF0FD}.AppStore|Any CPU.ActiveCfg = Debug|Any CPU
		{66F1A23E-D4A1-4AB7-92F5-9A50631AF0FD}.AppStore|Any CPU.Build.0 = Debug|Any CPU
		{66F1A23E-D4A1-4AB7-92F5-9A50631AF0FD}.AppStore|Any CPU.Deploy.0 = Debug|Any CPU
		{66F1A23E-D4A1-4AB7-92F5-9A50631AF0FD}.AppStore|ARM.ActiveCfg = Debug|Any CPU
		{66F1A23E-D4A1-4AB7-92F5-9A50631AF0FD}.AppStore|ARM.Build.0 = Debug|Any CPU
		{66F1A23E-D4A1-4AB7-92F5-9A50631AF0FD}.AppStore|ARM.Deploy.0 = Debug|Any CPU
		{66F1A23E-D4A1-4AB7-92F5-9A50631AF0FD}.AppStore|iPhone.ActiveCfg = Debug|Any CPU
		{66F1A23E-D4A1-4AB7-92F5-9A50631AF0FD}.AppStore|iPhone.Build.0 = Debug|Any CPU
		{66F1A23E-D4A1-4AB7-92F5-9A50631AF0FD}.AppStore|iPhone.Deploy.0 = Debug|Any CPU
		{66F1A23E-D4A1-4AB7-92F5-9A50631AF0FD}.AppStore|iPhoneSimulator.ActiveCfg = Debug|Any CPU
		{66F1A23E-D4A1-4AB7-92F5-9A50631AF0FD}.AppStore|iPhoneSimulator.Build.0 = Debug|Any CPU
		{66F1A23E-D4A1-4AB7-92F5-9A50631AF0FD}.AppStore|iPhoneSimulator.Deploy.0 = Debug|Any CPU
		{66F1A23E-D4A1-4AB7-92F5-9A50631AF0FD}.AppStore|x64.ActiveCfg = Debug|Any CPU
		{66F1A23E-D4A1-4AB7-92F5-9A50631AF0FD}.AppStore|x64.Build.0 = Debug|Any CPU
		{66F1A23E-D4A1-4AB7-92F5-9A50631AF0FD}.AppStore|x64.Deploy.0 = Debug|Any CPU
		{66F1A23E-D4A1-4AB7-92F5-9A50631AF0FD}.AppStore|x86.ActiveCfg = Debug|Any CPU
		{66F1A23E-D4A1-4AB7-92F5-9A50631AF0FD}.AppStore|x86.Build.0 = Debug|Any CPU
		{66F1A23E-D4A1-4AB7-92F5-9A50631AF0FD}.AppStore|x86.Deploy.0 = Debug|Any CPU
		{66F1A23E-D4A1-4AB7-92F5-9A50631AF0FD}.Debug|Any CPU.ActiveCfg = Debug|Any CPU
		{66F1A23E-D4A1-4AB7-92F5-9A50631AF0FD}.Debug|Any CPU.Build.0 = Debug|Any CPU
		{66F1A23E-D4A1-4AB7-92F5-9A50631AF0FD}.Debug|Any CPU.Deploy.0 = Debug|Any CPU
		{66F1A23E-D4A1-4AB7-92F5-9A50631AF0FD}.Debug|ARM.ActiveCfg = Debug|Any CPU
		{66F1A23E-D4A1-4AB7-92F5-9A50631AF0FD}.Debug|ARM.Build.0 = Debug|Any CPU
		{66F1A23E-D4A1-4AB7-92F5-9A50631AF0FD}.Debug|ARM.Deploy.0 = Debug|Any CPU
		{66F1A23E-D4A1-4AB7-92F5-9A50631AF0FD}.Debug|iPhone.ActiveCfg = Debug|Any CPU
		{66F1A23E-D4A1-4AB7-92F5-9A50631AF0FD}.Debug|iPhone.Build.0 = Debug|Any CPU
		{66F1A23E-D4A1-4AB7-92F5-9A50631AF0FD}.Debug|iPhone.Deploy.0 = Debug|Any CPU
		{66F1A23E-D4A1-4AB7-92F5-9A50631AF0FD}.Debug|iPhoneSimulator.ActiveCfg = Debug|Any CPU
		{66F1A23E-D4A1-4AB7-92F5-9A50631AF0FD}.Debug|iPhoneSimulator.Build.0 = Debug|Any CPU
		{66F1A23E-D4A1-4AB7-92F5-9A50631AF0FD}.Debug|iPhoneSimulator.Deploy.0 = Debug|Any CPU
		{66F1A23E-D4A1-4AB7-92F5-9A50631AF0FD}.Debug|x64.ActiveCfg = Debug|Any CPU
		{66F1A23E-D4A1-4AB7-92F5-9A50631AF0FD}.Debug|x64.Build.0 = Debug|Any CPU
		{66F1A23E-D4A1-4AB7-92F5-9A50631AF0FD}.Debug|x64.Deploy.0 = Debug|Any CPU
		{66F1A23E-D4A1-4AB7-92F5-9A50631AF0FD}.Debug|x86.ActiveCfg = Debug|Any CPU
		{66F1A23E-D4A1-4AB7-92F5-9A50631AF0FD}.Debug|x86.Build.0 = Debug|Any CPU
		{66F1A23E-D4A1-4AB7-92F5-9A50631AF0FD}.Debug|x86.Deploy.0 = Debug|Any CPU
		{66F1A23E-D4A1-4AB7-92F5-9A50631AF0FD}.Release|Any CPU.ActiveCfg = Release|Any CPU
		{66F1A23E-D4A1-4AB7-92F5-9A50631AF0FD}.Release|Any CPU.Build.0 = Release|Any CPU
		{66F1A23E-D4A1-4AB7-92F5-9A50631AF0FD}.Release|Any CPU.Deploy.0 = Release|Any CPU
		{66F1A23E-D4A1-4AB7-92F5-9A50631AF0FD}.Release|ARM.ActiveCfg = Release|Any CPU
		{66F1A23E-D4A1-4AB7-92F5-9A50631AF0FD}.Release|ARM.Build.0 = Release|Any CPU
		{66F1A23E-D4A1-4AB7-92F5-9A50631AF0FD}.Release|ARM.Deploy.0 = Release|Any CPU
		{66F1A23E-D4A1-4AB7-92F5-9A50631AF0FD}.Release|iPhone.ActiveCfg = Release|Any CPU
		{66F1A23E-D4A1-4AB7-92F5-9A50631AF0FD}.Release|iPhone.Build.0 = Release|Any CPU
		{66F1A23E-D4A1-4AB7-92F5-9A50631AF0FD}.Release|iPhone.Deploy.0 = Release|Any CPU
		{66F1A23E-D4A1-4AB7-92F5-9A50631AF0FD}.Release|iPhoneSimulator.ActiveCfg = Release|Any CPU
		{66F1A23E-D4A1-4AB7-92F5-9A50631AF0FD}.Release|iPhoneSimulator.Build.0 = Release|Any CPU
		{66F1A23E-D4A1-4AB7-92F5-9A50631AF0FD}.Release|iPhoneSimulator.Deploy.0 = Release|Any CPU
		{66F1A23E-D4A1-4AB7-92F5-9A50631AF0FD}.Release|x64.ActiveCfg = Release|Any CPU
		{66F1A23E-D4A1-4AB7-92F5-9A50631AF0FD}.Release|x64.Build.0 = Release|Any CPU
		{66F1A23E-D4A1-4AB7-92F5-9A50631AF0FD}.Release|x64.Deploy.0 = Release|Any CPU
		{66F1A23E-D4A1-4AB7-92F5-9A50631AF0FD}.Release|x86.ActiveCfg = Release|Any CPU
		{66F1A23E-D4A1-4AB7-92F5-9A50631AF0FD}.Release|x86.Build.0 = Release|Any CPU
		{66F1A23E-D4A1-4AB7-92F5-9A50631AF0FD}.Release|x86.Deploy.0 = Release|Any CPU
	EndGlobalSection
	GlobalSection(SolutionProperties) = preSolution
		HideSolutionNode = FALSE
	EndGlobalSection
	GlobalSection(ExtensibilityGlobals) = postSolution
		SolutionGuid = {A1652BC2-1F0D-44EA-B81C-0DF7D04F509B}
	EndGlobalSection
EndGlobal
